
Microsoft Visual Studio Solution File, Format Version 12.00
# Visual Studio 15
Project("{FAE04EC0-301F-11D3-BF4B-00C04F79EFBC}") = "Project_X", "Project_X\Project_X.csproj", "{EBE88DED-06FC-43D6-8510-FE0038A95FBE}"
EndProject
Global
	GlobalSection(SolutionConfigurationPlatforms) = preSolution
		Debug|iPhoneSimulator = Debug|iPhoneSimulator
		Release|iPhone = Release|iPhone
		Release|iPhoneSimulator = Release|iPhoneSimulator
		Debug|iPhone = Debug|iPhone
	EndGlobalSection
	GlobalSection(ProjectConfigurationPlatforms) = postSolution
		{EBE88DED-06FC-43D6-8510-FE0038A95FBE}.Debug|iPhoneSimulator.ActiveCfg = Debug|iPhoneSimulator
		{EBE88DED-06FC-43D6-8510-FE0038A95FBE}.Debug|iPhoneSimulator.Build.0 = Debug|iPhoneSimulator
		{EBE88DED-06FC-43D6-8510-FE0038A95FBE}.Release|iPhone.ActiveCfg = Release|iPhone
		{EBE88DED-06FC-43D6-8510-FE0038A95FBE}.Release|iPhone.Build.0 = Release|iPhone
		{EBE88DED-06FC-43D6-8510-FE0038A95FBE}.Release|iPhoneSimulator.ActiveCfg = Release|iPhoneSimulator
		{EBE88DED-06FC-43D6-8510-FE0038A95FBE}.Release|iPhoneSimulator.Build.0 = Release|iPhoneSimulator
		{EBE88DED-06FC-43D6-8510-FE0038A95FBE}.Debug|iPhone.ActiveCfg = Debug|iPhone
		{EBE88DED-06FC-43D6-8510-FE0038A95FBE}.Debug|iPhone.Build.0 = Debug|iPhone
	EndGlobalSection
EndGlobal
